
Microsoft Visual Studio Solution File, Format Version 12.00
# Visual Studio Version 16
VisualStudioVersion = 16.0.31025.218
MinimumVisualStudioVersion = 10.0.40219.1
Project("{9A19103F-16F7-4668-BE54-9A1E7A4F7556}") = "SchedulerWinUI_Desktop", "SchedulerWinUI_Desktop.csproj", "{2A55B5D1-ED28-484E-9CB5-142D868F7797}"
EndProject
Project("{C7167F0D-BC9F-4E6E-AFE1-012C56B48DB5}") = "SchedulerWinUI_Desktop (Package)", "SchedulerWinUI_Desktop\SchedulerWinUI_Desktop (Package)\SchedulerWinUI_Desktop (Package).wapproj", "{1F0DEAF1-3B47-4B42-9172-7A3F9855F411}"
EndProject
Global
	GlobalSection(SolutionConfigurationPlatforms) = preSolution
		Debug|arm64 = Debug|arm64
		Debug|x64 = Debug|x64
		Debug|x86 = Debug|x86
		Release|arm64 = Release|arm64
		Release|x64 = Release|x64
		Release|x86 = Release|x86
	EndGlobalSection
	GlobalSection(ProjectConfigurationPlatforms) = postSolution
		{2A55B5D1-ED28-484E-9CB5-142D868F7797}.Debug|arm64.ActiveCfg = Debug|arm64
		{2A55B5D1-ED28-484E-9CB5-142D868F7797}.Debug|arm64.Build.0 = Debug|arm64
		{2A55B5D1-ED28-484E-9CB5-142D868F7797}.Debug|x64.ActiveCfg = Debug|x64
		{2A55B5D1-ED28-484E-9CB5-142D868F7797}.Debug|x64.Build.0 = Debug|x64
		{2A55B5D1-ED28-484E-9CB5-142D868F7797}.Debug|x86.ActiveCfg = Debug|x86
		{2A55B5D1-ED28-484E-9CB5-142D868F7797}.Debug|x86.Build.0 = Debug|x86
		{2A55B5D1-ED28-484E-9CB5-142D868F7797}.Release|arm64.ActiveCfg = Release|arm64
		{2A55B5D1-ED28-484E-9CB5-142D868F7797}.Release|arm64.Build.0 = Release|arm64
		{2A55B5D1-ED28-484E-9CB5-142D868F7797}.Release|x64.ActiveCfg = Release|x64
		{2A55B5D1-ED28-484E-9CB5-142D868F7797}.Release|x64.Build.0 = Release|x64
		{2A55B5D1-ED28-484E-9CB5-142D868F7797}.Release|x86.ActiveCfg = Release|x86
		{2A55B5D1-ED28-484E-9CB5-142D868F7797}.Release|x86.Build.0 = Release|x86
		{1F0DEAF1-3B47-4B42-9172-7A3F9855F411}.Debug|arm64.ActiveCfg = Debug|arm64
		{1F0DEAF1-3B47-4B42-9172-7A3F9855F411}.Debug|arm64.Build.0 = Debug|arm64
		{1F0DEAF1-3B47-4B42-9172-7A3F9855F411}.Debug|arm64.Deploy.0 = Debug|arm64
		{1F0DEAF1-3B47-4B42-9172-7A3F9855F411}.Debug|x64.ActiveCfg = Debug|x64
		{1F0DEAF1-3B47-4B42-9172-7A3F9855F411}.Debug|x64.Build.0 = Debug|x64
		{1F0DEAF1-3B47-4B42-9172-7A3F9855F411}.Debug|x64.Deploy.0 = Debug|x64
		{1F0DEAF1-3B47-4B42-9172-7A3F9855F411}.Debug|x86.ActiveCfg = Debug|x86
		{1F0DEAF1-3B47-4B42-9172-7A3F9855F411}.Debug|x86.Build.0 = Debug|x86
		{1F0DEAF1-3B47-4B42-9172-7A3F9855F411}.Debug|x86.Deploy.0 = Debug|x86
		{1F0DEAF1-3B47-4B42-9172-7A3F9855F411}.Release|arm64.ActiveCfg = Release|arm64
		{1F0DEAF1-3B47-4B42-9172-7A3F9855F411}.Release|arm64.Build.0 = Release|arm64
		{1F0DEAF1-3B47-4B42-9172-7A3F9855F411}.Release|arm64.Deploy.0 = Release|arm64
		{1F0DEAF1-3B47-4B42-9172-7A3F9855F411}.Release|x64.ActiveCfg = Release|x64
		{1F0DEAF1-3B47-4B42-9172-7A3F9855F411}.Release|x64.Build.0 = Release|x64
		{1F0DEAF1-3B47-4B42-9172-7A3F9855F411}.Release|x64.Deploy.0 = Release|x64
		{1F0DEAF1-3B47-4B42-9172-7A3F9855F411}.Release|x86.ActiveCfg = Release|x86
		{1F0DEAF1-3B47-4B42-9172-7A3F9855F411}.Release|x86.Build.0 = Release|x86
		{1F0DEAF1-3B47-4B42-9172-7A3F9855F411}.Release|x86.Deploy.0 = Release|x86
	EndGlobalSection
	GlobalSection(SolutionProperties) = preSolution
		HideSolutionNode = FALSE
	EndGlobalSection
	GlobalSection(ExtensibilityGlobals) = postSolution
		SolutionGuid = {035D451C-0D64-4989-B6C0-0B98696A0925}
	EndGlobalSection
EndGlobal
